
Microsoft Visual Studio Solution File, Format Version 12.00
# Visual Studio Version 17
VisualStudioVersion = 17.10.35027.167
MinimumVisualStudioVersion = 10.0.40219.1
Project("{FAE04EC0-301F-11D3-BF4B-00C04F79EFBC}") = "AssignmentGit", "AssignmentGit.csproj", "{245BC101-883F-4FA8-88FD-6CB89AAA6FCA}"
EndProject
Global
	GlobalSection(SolutionConfigurationPlatforms) = preSolution
		Debug|Any CPU = Debug|Any CPU
		Release|Any CPU = Release|Any CPU
	EndGlobalSection
	GlobalSection(ProjectConfigurationPlatforms) = postSolution
		{245BC101-883F-4FA8-88FD-6CB89AAA6FCA}.Debug|Any CPU.ActiveCfg = Debug|Any CPU
		{245BC101-883F-4FA8-88FD-6CB89AAA6FCA}.Debug|Any CPU.Build.0 = Debug|Any CPU
		{245BC101-883F-4FA8-88FD-6CB89AAA6FCA}.Release|Any CPU.ActiveCfg = Release|Any CPU
		{245BC101-883F-4FA8-88FD-6CB89AAA6FCA}.Release|Any CPU.Build.0 = Release|Any CPU
	EndGlobalSection
	GlobalSection(SolutionProperties) = preSolution
		HideSolutionNode = FALSE
	EndGlobalSection
	GlobalSection(ExtensibilityGlobals) = postSolution
		SolutionGuid = {33AB9EB5-DF7B-403A-B428-D067F8FB1B9C}
	EndGlobalSection
EndGlobal
